<?xml version="1.0" encoding="UTF-8" standalone="yes" ?>
<CodeBlocks_project_file>
	<FileVersion major="1" minor="6" />
	<Project>
		<Option title="SDL Project Dopin" />
		<Option pch_mode="2" />
		<Option compiler="gcc" />
		<Build>
			<Target title="Debug">
				<Option output="bin/Debug/SDL Project Dopin" prefix_auto="1" extension_auto="1" />
				<Option object_output="obj/Debug/" />
				<Option type="1" />
				<Option compiler="gcc" />
				<Compiler>
					<Add option="-std=c++11" />
					<Add option="-g" />
					<Add directory="C:/SDL2/x86_64-w64-mingw32/include/SDL2" />
					<Add directory="../../Documents/CB coding/SDL2_mixer-2.6.3/x86_64-w64-mingw32/include/SDL2" />
					<Add directory="../../Documents/CB coding/SDL2_ttf-2.0.18/x86_64-w64-mingw32/include/SDL2" />
				</Compiler>
				<Linker>
					<Add option="-lmingw32 -lSDL2main -lSDL2 -lSDL2_image" />
					<Add option="-lSDL2_mixer -lSDL2_ttf" />
					<Add directory="C:/SDL2/x86_64-w64-mingw32/lib" />
					<Add directory="C:/Users/Admin/Downloads/SDL2_image-devel-2.6.2-mingw/SDL2_image-2.6.2/x86_64-w64-mingw32/lib" />
					<Add directory="../../Documents/CB coding/SDL2_mixer-2.6.3/x86_64-w64-mingw32/lib" />
					<Add directory="../../Documents/CB coding/SDL2_ttf-2.0.18/x86_64-w64-mingw32/lib" />
				</Linker>
			</Target>
			<Target title="Release">
				<Option output="bin/Release/SDL Project Dopin" prefix_auto="1" extension_auto="1" />
				<Option object_output="obj/Release/" />
				<Option type="1" />
				<Option compiler="gcc" />
				<Compiler>
					<Add option="-O2" />
				</Compiler>
				<Linker>
					<Add option="-s" />
				</Linker>
			</Target>
		</Build>
		<Compiler>
			<Add option="-Wall" />
		</Compiler>
		<Unit filename="Bullet.cpp" />
		<Unit filename="Bullet.h" />
		<Unit filename="Collision.cpp" />
		<Unit filename="Collision.h" />
		<Unit filename="Common_Function.cpp" />
		<Unit filename="Common_Function.h" />
		<Unit filename="Enemy.cpp" />
		<Unit filename="Enemy.h" />
		<Unit filename="EnemyArray.cpp" />
		<Unit filename="EnemyArray.h" />
		<Unit filename="Entity.cpp" />
		<Unit filename="Entity.h" />
		<Unit filename="Game.cpp" />
		<Unit filename="Plane.cpp" />
		<Unit filename="Plane.h" />
		<Unit filename="main.cpp" />
		<Extensions>
			<AutoVersioning>
				<Scheme minor_max="10" build_max="0" rev_max="0" rev_rand_max="10" build_times_to_increment_minor="100" />
				<Settings autoincrement="1" date_declarations="1" use_define="0" update_manifest="0" do_auto_increment="0" ask_to_increment="0" language="C++" svn="0" svn_directory="" header_path="version.h" />
				<Changes_Log show_changes_editor="0" app_title="released version %M.%m.%b of %p" changeslog_path="ChangesLog.txt" />
				<Code header_guard="VERSION_H" namespace="AutoVersion" prefix="" />
			</AutoVersioning>
		</Extensions>
	</Project>
</CodeBlocks_project_file>
